
Microsoft Visual Studio Solution File, Format Version 12.00
# Visual Studio Version 17
VisualStudioVersion = 17.14.37111.16 d17.14
MinimumVisualStudioVersion = 10.0.40219.1
Project("{FAE04EC0-301F-11D3-BF4B-00C04F79EFBC}") = "WCS_Login", "WCS_Login.csproj", "{3D08938F-24D5-4398-8E03-577F34784C40}"
EndProject
Global
	GlobalSection(SolutionConfigurationPlatforms) = preSolution
		Debug|Any CPU = Debug|Any CPU
		Release|Any CPU = Release|Any CPU
	EndGlobalSection
	GlobalSection(ProjectConfigurationPlatforms) = postSolution
		{3D08938F-24D5-4398-8E03-577F34784C40}.Debug|Any CPU.ActiveCfg = Debug|Any CPU
		{3D08938F-24D5-4398-8E03-577F34784C40}.Debug|Any CPU.Build.0 = Debug|Any CPU
		{3D08938F-24D5-4398-8E03-577F34784C40}.Release|Any CPU.ActiveCfg = Release|Any CPU
		{3D08938F-24D5-4398-8E03-577F34784C40}.Release|Any CPU.Build.0 = Release|Any CPU
	EndGlobalSection
	GlobalSection(SolutionProperties) = preSolution
		HideSolutionNode = FALSE
	EndGlobalSection
	GlobalSection(ExtensibilityGlobals) = postSolution
		SolutionGuid = {9F6B0F5D-E5F7-43E7-8656-51B22DB1A1A5}
	EndGlobalSection
EndGlobal
